<?xml version="1.0" encoding="utf-8"?>
<Project ToolsVersion="4.0" xmlns="http://schemas.microsoft.com/developer/msbuild/2003">
  <ItemGroup>
    <ClCompile Include="stdafx.cpp" />
    <ClCompile Include="Application.cpp">
      <Filter>Application</Filter>
    </ClCompile>
    <ClCompile Include="Logger.cpp">
      <Filter>Debug</Filter>
    </ClCompile>
    <ClCompile Include="CoreLogThread.cpp">
      <Filter>Debug\LogDetail</Filter>
    </ClCompile>
    <ClCompile Include="CoreLogSystem.cpp">
      <Filter>Debug\LogDetail</Filter>
    </ClCompile>
  </ItemGroup>
  <ItemGroup>
    <ClInclude Include="stdafx.h" />
    <ClInclude Include="Application.h">
      <Filter>Application</Filter>
    </ClInclude>
    <ClInclude Include="Logger.h">
      <Filter>Debug</Filter>
    </ClInclude>
    <ClInclude Include="EngineVersionConst.h">
      <Filter>0_Base</Filter>
    </ClInclude>
    <ClInclude Include="DetectCompiler.h">
      <Filter>0_Base</Filter>
    </ClInclude>
    <ClInclude Include="DetectOS.h">
      <Filter>0_Base</Filter>
    </ClInclude>
    <ClInclude Include="VersionOSConst.h">
      <Filter>0_Base</Filter>
    </ClInclude>
    <ClInclude Include="ConfigEngine.h">
      <Filter>0_Base</Filter>
    </ClInclude>
    <ClInclude Include="BaseMacros.h">
      <Filter>0_Base</Filter>
    </ClInclude>
    <ClInclude Include="InlineFunc.h">
      <Filter>0_Base</Filter>
    </ClInclude>
    <ClInclude Include="Win32PlatformDefinitions.h">
      <Filter>0_Base\OS</Filter>
    </ClInclude>
    <ClInclude Include="BaseHeader.h">
      <Filter>0_Base</Filter>
    </ClInclude>
    <ClInclude Include="AssertMacros.h">
      <Filter>Debug</Filter>
    </ClInclude>
    <ClInclude Include="LogVerbosity.h">
      <Filter>Debug\LogDetail</Filter>
    </ClInclude>
    <ClInclude Include="WindowsPlatformCoreLog.h">
      <Filter>Debug\LogDetail\OS</Filter>
    </ClInclude>
    <ClInclude Include="PlatformCoreLog.h">
      <Filter>Debug\LogDetail</Filter>
    </ClInclude>
    <ClInclude Include="CoreLogThread.h">
      <Filter>Debug\LogDetail</Filter>
    </ClInclude>
    <ClInclude Include="CoreLogSystem.h">
      <Filter>Debug\LogDetail</Filter>
    </ClInclude>
    <ClInclude Include="ApplicationSettings.h">
      <Filter>Application</Filter>
    </ClInclude>
    <ClInclude Include="CoreLogSettings.h">
      <Filter>Debug\LogDetail</Filter>
    </ClInclude>
  </ItemGroup>
  <ItemGroup>
    <Filter Include="Core">
      <UniqueIdentifier>{6964c7c8-76de-474e-a911-c09eb117af1f}</UniqueIdentifier>
    </Filter>
    <Filter Include="Math">
      <UniqueIdentifier>{453ccb40-59c0-4c5c-9f5b-bff96a6fd2f5}</UniqueIdentifier>
    </Filter>
    <Filter Include="Utility">
      <UniqueIdentifier>{5510a487-b476-47df-b681-3d9765cd6610}</UniqueIdentifier>
    </Filter>
    <Filter Include="Application">
      <UniqueIdentifier>{412195ba-4d5a-4de5-8711-c76144b008e8}</UniqueIdentifier>
    </Filter>
    <Filter Include="Debug">
      <UniqueIdentifier>{6c79c54a-cfde-4232-ae3e-b38e724c122d}</UniqueIdentifier>
    </Filter>
    <Filter Include="0_Base">
      <UniqueIdentifier>{aa72d293-175e-4d2f-9fc5-0f200127da43}</UniqueIdentifier>
    </Filter>
    <Filter Include="0_Base\OS">
      <UniqueIdentifier>{46255f80-6b89-4b33-9a50-3f31b00cf444}</UniqueIdentifier>
    </Filter>
    <Filter Include="Debug\LogDetail">
      <UniqueIdentifier>{297fa203-91cb-49b5-9266-0f7b499708e6}</UniqueIdentifier>
    </Filter>
    <Filter Include="Debug\LogDetail\OS">
      <UniqueIdentifier>{b077243a-65c4-41a5-9280-647a561cc2d8}</UniqueIdentifier>
    </Filter>
  </ItemGroup>
</Project>