<?xml version="1.0" encoding="utf-8"?>
<Project ToolsVersion="4.0" xmlns="http://schemas.microsoft.com/developer/msbuild/2003">
  <ItemGroup>
    <ClCompile Include="stdafx.cpp" />
    <ClCompile Include="Application.cpp">
      <Filter>Application</Filter>
    </ClCompile>
    <ClCompile Include="Logger.cpp">
      <Filter>Debug</Filter>
    </ClCompile>
    <ClCompile Include="CoreLogThread.cpp">
      <Filter>Debug\LogDetail</Filter>
    </ClCompile>
    <ClCompile Include="CoreLogSystem.cpp">
      <Filter>Debug\LogDetail</Filter>
    </ClCompile>
    <ClCompile Include="Allocators.cpp">
      <Filter>Core\Memory</Filter>
    </ClCompile>
    <ClCompile Include="Win32Sync.cpp">
      <Filter>Core\Thread\OS</Filter>
    </ClCompile>
    <ClCompile Include="Win32Atomic.cpp">
      <Filter>Core\Thread\OS</Filter>
    </ClCompile>
    <ClCompile Include="SEMath.cpp">
      <Filter>Math</Filter>
    </ClCompile>
    <ClCompile Include="Win32Thread.cpp">
      <Filter>Core\Thread\OS</Filter>
    </ClCompile>
    <ClCompile Include="Stream.cpp">
      <Filter>Core\Container</Filter>
    </ClCompile>
    <ClCompile Include="SEString.cpp">
      <Filter>Core\Container</Filter>
    </ClCompile>
    <ClCompile Include="Win32OS.cpp">
      <Filter>PlatformOS</Filter>
    </ClCompile>
    <ClCompile Include="Path.cpp">
      <Filter>Core\FileSystem</Filter>
    </ClCompile>
    <ClCompile Include="crc32.cpp">
      <Filter>Utility</Filter>
    </ClCompile>
    <ClCompile Include="Win32Fibers.cpp">
      <Filter>Core\Thread\OS</Filter>
    </ClCompile>
    <ClCompile Include="Profiler.cpp">
      <Filter>Debug</Filter>
    </ClCompile>
    <ClCompile Include="Serializer.cpp">
      <Filter>Core\Object</Filter>
    </ClCompile>
    <ClCompile Include="FileSystem.cpp">
      <Filter>Core\FileSystem</Filter>
    </ClCompile>
    <ClCompile Include="Geometry.cpp">
      <Filter>Math</Filter>
    </ClCompile>
    <ClCompile Include="Resource.cpp">
      <Filter>Core\Resource</Filter>
    </ClCompile>
    <ClCompile Include="ResourceManager.cpp">
      <Filter>Core\Resource</Filter>
    </ClCompile>
    <ClCompile Include="JobSystem.cpp">
      <Filter>Core\Thread</Filter>
    </ClCompile>
    <ClCompile Include="InputSystem.cpp">
      <Filter>PlatformOS</Filter>
    </ClCompile>
    <ClCompile Include="Win32ControllerDevice.cpp">
      <Filter>PlatformOS</Filter>
    </ClCompile>
  </ItemGroup>
  <ItemGroup>
    <ClInclude Include="stdafx.h" />
    <ClInclude Include="Application.h">
      <Filter>Application</Filter>
    </ClInclude>
    <ClInclude Include="Logger.h">
      <Filter>Debug</Filter>
    </ClInclude>
    <ClInclude Include="EngineVersionConst.h">
      <Filter>0_Base</Filter>
    </ClInclude>
    <ClInclude Include="DetectCompiler.h">
      <Filter>0_Base</Filter>
    </ClInclude>
    <ClInclude Include="DetectOS.h">
      <Filter>0_Base</Filter>
    </ClInclude>
    <ClInclude Include="VersionOSConst.h">
      <Filter>0_Base</Filter>
    </ClInclude>
    <ClInclude Include="ConfigEngine.h">
      <Filter>0_Base</Filter>
    </ClInclude>
    <ClInclude Include="BaseMacros.h">
      <Filter>0_Base</Filter>
    </ClInclude>
    <ClInclude Include="InlineFunc.h">
      <Filter>0_Base</Filter>
    </ClInclude>
    <ClInclude Include="Win32PlatformDefinitions.h">
      <Filter>0_Base\OS</Filter>
    </ClInclude>
    <ClInclude Include="BaseHeader.h">
      <Filter>0_Base</Filter>
    </ClInclude>
    <ClInclude Include="AssertMacros.h">
      <Filter>Debug</Filter>
    </ClInclude>
    <ClInclude Include="LogVerbosity.h">
      <Filter>Debug\LogDetail</Filter>
    </ClInclude>
    <ClInclude Include="WindowsPlatformCoreLog.h">
      <Filter>Debug\LogDetail\OS</Filter>
    </ClInclude>
    <ClInclude Include="PlatformCoreLog.h">
      <Filter>Debug\LogDetail</Filter>
    </ClInclude>
    <ClInclude Include="CoreLogThread.h">
      <Filter>Debug\LogDetail</Filter>
    </ClInclude>
    <ClInclude Include="CoreLogSystem.h">
      <Filter>Debug\LogDetail</Filter>
    </ClInclude>
    <ClInclude Include="ApplicationSettings.h">
      <Filter>Application</Filter>
    </ClInclude>
    <ClInclude Include="CoreLogSettings.h">
      <Filter>Debug\LogDetail</Filter>
    </ClInclude>
    <ClInclude Include="SimpleWindows.h">
      <Filter>0_Base\OS</Filter>
    </ClInclude>
    <ClInclude Include="Array.h">
      <Filter>Core\Container</Filter>
    </ClInclude>
    <ClInclude Include="Allocator.h">
      <Filter>Core\Memory</Filter>
    </ClInclude>
    <ClInclude Include="Allocators.h">
      <Filter>Core\Memory</Filter>
    </ClInclude>
    <ClInclude Include="Sync.h">
      <Filter>Core\Thread</Filter>
    </ClInclude>
    <ClInclude Include="Atomic.h">
      <Filter>Core\Thread</Filter>
    </ClInclude>
    <ClInclude Include="CRT.h">
      <Filter>0_Base</Filter>
    </ClInclude>
    <ClInclude Include="SEMath.h">
      <Filter>Math</Filter>
    </ClInclude>
    <ClInclude Include="Ref.h">
      <Filter>Core\Memory</Filter>
    </ClInclude>
    <ClInclude Include="SIMD.h">
      <Filter>Math</Filter>
    </ClInclude>
    <ClInclude Include="Thread.h">
      <Filter>Core\Thread</Filter>
    </ClInclude>
    <ClInclude Include="Stream.h">
      <Filter>Core\Container</Filter>
    </ClInclude>
    <ClInclude Include="Span.h">
      <Filter>Core\Container</Filter>
    </ClInclude>
    <ClInclude Include="SEString.h">
      <Filter>Core\Container</Filter>
    </ClInclude>
    <ClInclude Include="OS.h">
      <Filter>PlatformOS</Filter>
    </ClInclude>
    <ClInclude Include="Path.h">
      <Filter>Core\FileSystem</Filter>
    </ClInclude>
    <ClInclude Include="crc32.h">
      <Filter>Utility</Filter>
    </ClInclude>
    <ClInclude Include="AssociativeArray.h">
      <Filter>Core\Container</Filter>
    </ClInclude>
    <ClInclude Include="Delegate.h">
      <Filter>Core\Object</Filter>
    </ClInclude>
    <ClInclude Include="DelegateList.h">
      <Filter>Core\Object</Filter>
    </ClInclude>
    <ClInclude Include="Fibers.h">
      <Filter>Core\Thread</Filter>
    </ClInclude>
    <ClInclude Include="Profiler.h">
      <Filter>Debug</Filter>
    </ClInclude>
    <ClInclude Include="FlagSet.h">
      <Filter>Core\Container</Filter>
    </ClInclude>
    <ClInclude Include="Queue.h">
      <Filter>Core\Container</Filter>
    </ClInclude>
    <ClInclude Include="Serializer.h">
      <Filter>Core\Object</Filter>
    </ClInclude>
    <ClInclude Include="FileSystem.h">
      <Filter>Core\FileSystem</Filter>
    </ClInclude>
    <ClInclude Include="Geometry.h">
      <Filter>Math</Filter>
    </ClInclude>
    <ClInclude Include="HashMap.h">
      <Filter>Core\Container</Filter>
    </ClInclude>
    <ClInclude Include="Resource.h">
      <Filter>Core\Resource</Filter>
    </ClInclude>
    <ClInclude Include="ResourceManager.h">
      <Filter>Core\Resource</Filter>
    </ClInclude>
    <ClInclude Include="JobSystem.h">
      <Filter>Core\Thread</Filter>
    </ClInclude>
    <ClInclude Include="InputSystem.h">
      <Filter>PlatformOS</Filter>
    </ClInclude>
    <ClInclude Include="ControllerDevice.h">
      <Filter>PlatformOS</Filter>
    </ClInclude>
  </ItemGroup>
  <ItemGroup>
    <Filter Include="Core">
      <UniqueIdentifier>{6964c7c8-76de-474e-a911-c09eb117af1f}</UniqueIdentifier>
    </Filter>
    <Filter Include="Math">
      <UniqueIdentifier>{453ccb40-59c0-4c5c-9f5b-bff96a6fd2f5}</UniqueIdentifier>
    </Filter>
    <Filter Include="Utility">
      <UniqueIdentifier>{5510a487-b476-47df-b681-3d9765cd6610}</UniqueIdentifier>
    </Filter>
    <Filter Include="Application">
      <UniqueIdentifier>{412195ba-4d5a-4de5-8711-c76144b008e8}</UniqueIdentifier>
    </Filter>
    <Filter Include="Debug">
      <UniqueIdentifier>{6c79c54a-cfde-4232-ae3e-b38e724c122d}</UniqueIdentifier>
    </Filter>
    <Filter Include="0_Base">
      <UniqueIdentifier>{aa72d293-175e-4d2f-9fc5-0f200127da43}</UniqueIdentifier>
    </Filter>
    <Filter Include="0_Base\OS">
      <UniqueIdentifier>{46255f80-6b89-4b33-9a50-3f31b00cf444}</UniqueIdentifier>
    </Filter>
    <Filter Include="Debug\LogDetail">
      <UniqueIdentifier>{297fa203-91cb-49b5-9266-0f7b499708e6}</UniqueIdentifier>
    </Filter>
    <Filter Include="Debug\LogDetail\OS">
      <UniqueIdentifier>{b077243a-65c4-41a5-9280-647a561cc2d8}</UniqueIdentifier>
    </Filter>
    <Filter Include="Core\Container">
      <UniqueIdentifier>{9fc2802c-2191-4bd1-b965-beae89a0155e}</UniqueIdentifier>
    </Filter>
    <Filter Include="Core\Memory">
      <UniqueIdentifier>{d0a23a76-4c05-4305-90ee-aadebe37053c}</UniqueIdentifier>
    </Filter>
    <Filter Include="Core\Thread">
      <UniqueIdentifier>{d5930e15-79a3-4771-afd2-a063959af66a}</UniqueIdentifier>
    </Filter>
    <Filter Include="Core\Thread\OS">
      <UniqueIdentifier>{10c0f6af-020d-4ab2-abe3-7a039e5cd73f}</UniqueIdentifier>
    </Filter>
    <Filter Include="PlatformOS">
      <UniqueIdentifier>{41df3f9a-cf2c-4294-aff0-56c03c607e88}</UniqueIdentifier>
    </Filter>
    <Filter Include="Core\FileSystem">
      <UniqueIdentifier>{365d8e88-515b-4aed-b5e4-a30e140deecb}</UniqueIdentifier>
    </Filter>
    <Filter Include="Core\Object">
      <UniqueIdentifier>{e94b31a7-4c5a-4343-b247-3b0a673b3236}</UniqueIdentifier>
    </Filter>
    <Filter Include="Core\Resource">
      <UniqueIdentifier>{1eef81ca-a10a-4688-bce9-e5d2679e3185}</UniqueIdentifier>
    </Filter>
  </ItemGroup>
</Project>